
Microsoft Visual Studio Solution File, Format Version 12.00
# Visual Studio Version 17
VisualStudioVersion = 17.1.32407.343
MinimumVisualStudioVersion = 10.0.40219.1
Project("{2150E333-8FDC-42A3-9474-1A3956D46DE8}") = "WhatsNewInCsharp7Folder", "WhatsNewInCsharp7Folder", "{E79464A5-5B54-47FF-A918-78E3FCDC6320}"
EndProject
Project("{9A19103F-16F7-4668-BE54-9A1E7A4F7556}") = "OutVariables", "OutVariables\OutVariables.csproj", "{B518FA35-93A8-4B4D-9C5E-6718D05D4465}"
EndProject
Project("{9A19103F-16F7-4668-BE54-9A1E7A4F7556}") = "PatternMatching", "PatternMatching\PatternMatching.csproj", "{CC40C296-DD54-4AED-8BF9-ED3F55CF1E9F}"
EndProject
Project("{9A19103F-16F7-4668-BE54-9A1E7A4F7556}") = "Tuples", "Tuples\Tuples.csproj", "{F71243F8-E39E-42D6-BD68-9668C2211CF6}"
EndProject
Project("{9A19103F-16F7-4668-BE54-9A1E7A4F7556}") = "LocalFunctions", "LocalFunctions\LocalFunctions.csproj", "{8E35DF42-6922-4642-9BCA-50D5350BBE7E}"
EndProject
Project("{9A19103F-16F7-4668-BE54-9A1E7A4F7556}") = "RefReturnsAndLocals", "RefReturnsAndLocals\RefReturnsAndLocals.csproj", "{FA20C41F-06ED-4BE9-B689-9B1DB40E72D3}"
EndProject
Project("{9A19103F-16F7-4668-BE54-9A1E7A4F7556}") = "ExpressionBodiedMembers", "ExpressionBodiedMembers\ExpressionBodiedMembers.csproj", "{5D304C01-2323-470B-9810-24B7EF7F6D60}"
EndProject
Project("{9A19103F-16F7-4668-BE54-9A1E7A4F7556}") = "ThrowExpressions", "ThrowExpressions\ThrowExpressions.csproj", "{DC17CB2B-3842-4731-99C4-90C09C992277}"
EndProject
Project("{9A19103F-16F7-4668-BE54-9A1E7A4F7556}") = "GeneralizedAsyncReturnTypes", "GeneralizedAsyncReturnTypes\GeneralizedAsyncReturnTypes.csproj", "{F3A5AF66-50E9-4496-9471-94F2745D08AD}"
EndProject
Project("{9A19103F-16F7-4668-BE54-9A1E7A4F7556}") = "LiteralImprovements", "LiteralImprovements\LiteralImprovements.csproj", "{62390CA4-977F-4510-8D4D-01FCA21F3C7C}"
EndProject
Project("{9A19103F-16F7-4668-BE54-9A1E7A4F7556}") = "Decontruction", "Decontruction\Decontruction.csproj", "{A64BA8A8-4281-4C55-872A-26F94F5752B1}"
EndProject
Project("{2150E333-8FDC-42A3-9474-1A3956D46DE8}") = "WhatsNewInCsharp7.1", "WhatsNewInCsharp7.1", "{3838314D-BD08-4827-BB73-C3556B83394C}"
EndProject
Project("{9A19103F-16F7-4668-BE54-9A1E7A4F7556}") = "AsyncMain", "AsyncMain\AsyncMain.csproj", "{962E8991-D72A-46C8-8525-7E8EAB4A2EF7}"
EndProject
Project("{9A19103F-16F7-4668-BE54-9A1E7A4F7556}") = "DefaultExpression", "DefaultExpression\DefaultExpression.csproj", "{FA791467-823B-4271-9183-DDADC5B04A87}"
EndProject
Project("{9A19103F-16F7-4668-BE54-9A1E7A4F7556}") = "RefAssemblies", "RefAssemblies\RefAssemblies.csproj", "{1775F641-A6CD-4D46-9D7B-62A1E88532F3}"
EndProject
Project("{9A19103F-16F7-4668-BE54-9A1E7A4F7556}") = "InferTupleNames", "InferTupleNames\InferTupleNames.csproj", "{6EA3A9B1-82B3-4EC6-9E60-BE7E8481BB64}"
EndProject
Project("{9A19103F-16F7-4668-BE54-9A1E7A4F7556}") = "Pattern_MatchingWithGenerics", "Pattern_MatchingWithGenerics\Pattern_MatchingWithGenerics.csproj", "{2C760554-9A50-4315-B3BE-EB48476A4537}"
EndProject
Project("{2150E333-8FDC-42A3-9474-1A3956D46DE8}") = "WhatsNewInCsharp7.2", "WhatsNewInCsharp7.2", "{F0AD3542-8FD8-4582-AE33-72F0822DA1A1}"
EndProject
Project("{2150E333-8FDC-42A3-9474-1A3956D46DE8}") = "WhatsNewInCsharp8", "WhatsNewInCsharp8", "{F73FCAFB-7279-40D0-86EF-574CB2EB2453}"
EndProject
Project("{9A19103F-16F7-4668-BE54-9A1E7A4F7556}") = "PatternMatchingForCsharp8", "PatternMatchingForCsharp8\PatternMatchingForCsharp8.csproj", "{F2A43CA9-13EB-4A5C-AD37-1C76711C293D}"
EndProject
Project("{2150E333-8FDC-42A3-9474-1A3956D46DE8}") = "WhatsNewInCsharp9", "WhatsNewInCsharp9", "{AB5B9E1A-9962-4C3A-86F9-280C91945A5A}"
EndProject
Project("{FAE04EC0-301F-11D3-BF4B-00C04F79EFBC}") = "PatternMatchingImprovements", "PatternMatchingImprovements\PatternMatchingImprovements.csproj", "{B63DFE8B-5BDC-456A-9AAA-F0378F1E1A9C}"
EndProject
Global
	GlobalSection(SolutionConfigurationPlatforms) = preSolution
		Debug|Any CPU = Debug|Any CPU
		Release|Any CPU = Release|Any CPU
	EndGlobalSection
	GlobalSection(ProjectConfigurationPlatforms) = postSolution
		{B518FA35-93A8-4B4D-9C5E-6718D05D4465}.Debug|Any CPU.ActiveCfg = Debug|Any CPU
		{B518FA35-93A8-4B4D-9C5E-6718D05D4465}.Debug|Any CPU.Build.0 = Debug|Any CPU
		{B518FA35-93A8-4B4D-9C5E-6718D05D4465}.Release|Any CPU.ActiveCfg = Release|Any CPU
		{B518FA35-93A8-4B4D-9C5E-6718D05D4465}.Release|Any CPU.Build.0 = Release|Any CPU
		{CC40C296-DD54-4AED-8BF9-ED3F55CF1E9F}.Debug|Any CPU.ActiveCfg = Debug|Any CPU
		{CC40C296-DD54-4AED-8BF9-ED3F55CF1E9F}.Debug|Any CPU.Build.0 = Debug|Any CPU
		{CC40C296-DD54-4AED-8BF9-ED3F55CF1E9F}.Release|Any CPU.ActiveCfg = Release|Any CPU
		{CC40C296-DD54-4AED-8BF9-ED3F55CF1E9F}.Release|Any CPU.Build.0 = Release|Any CPU
		{F71243F8-E39E-42D6-BD68-9668C2211CF6}.Debug|Any CPU.ActiveCfg = Debug|Any CPU
		{F71243F8-E39E-42D6-BD68-9668C2211CF6}.Debug|Any CPU.Build.0 = Debug|Any CPU
		{F71243F8-E39E-42D6-BD68-9668C2211CF6}.Release|Any CPU.ActiveCfg = Release|Any CPU
		{F71243F8-E39E-42D6-BD68-9668C2211CF6}.Release|Any CPU.Build.0 = Release|Any CPU
		{8E35DF42-6922-4642-9BCA-50D5350BBE7E}.Debug|Any CPU.ActiveCfg = Debug|Any CPU
		{8E35DF42-6922-4642-9BCA-50D5350BBE7E}.Debug|Any CPU.Build.0 = Debug|Any CPU
		{8E35DF42-6922-4642-9BCA-50D5350BBE7E}.Release|Any CPU.ActiveCfg = Release|Any CPU
		{8E35DF42-6922-4642-9BCA-50D5350BBE7E}.Release|Any CPU.Build.0 = Release|Any CPU
		{FA20C41F-06ED-4BE9-B689-9B1DB40E72D3}.Debug|Any CPU.ActiveCfg = Debug|Any CPU
		{FA20C41F-06ED-4BE9-B689-9B1DB40E72D3}.Debug|Any CPU.Build.0 = Debug|Any CPU
		{FA20C41F-06ED-4BE9-B689-9B1DB40E72D3}.Release|Any CPU.ActiveCfg = Release|Any CPU
		{FA20C41F-06ED-4BE9-B689-9B1DB40E72D3}.Release|Any CPU.Build.0 = Release|Any CPU
		{5D304C01-2323-470B-9810-24B7EF7F6D60}.Debug|Any CPU.ActiveCfg = Debug|Any CPU
		{5D304C01-2323-470B-9810-24B7EF7F6D60}.Debug|Any CPU.Build.0 = Debug|Any CPU
		{5D304C01-2323-470B-9810-24B7EF7F6D60}.Release|Any CPU.ActiveCfg = Release|Any CPU
		{5D304C01-2323-470B-9810-24B7EF7F6D60}.Release|Any CPU.Build.0 = Release|Any CPU
		{DC17CB2B-3842-4731-99C4-90C09C992277}.Debug|Any CPU.ActiveCfg = Debug|Any CPU
		{DC17CB2B-3842-4731-99C4-90C09C992277}.Debug|Any CPU.Build.0 = Debug|Any CPU
		{DC17CB2B-3842-4731-99C4-90C09C992277}.Release|Any CPU.ActiveCfg = Release|Any CPU
		{DC17CB2B-3842-4731-99C4-90C09C992277}.Release|Any CPU.Build.0 = Release|Any CPU
		{F3A5AF66-50E9-4496-9471-94F2745D08AD}.Debug|Any CPU.ActiveCfg = Debug|Any CPU
		{F3A5AF66-50E9-4496-9471-94F2745D08AD}.Debug|Any CPU.Build.0 = Debug|Any CPU
		{F3A5AF66-50E9-4496-9471-94F2745D08AD}.Release|Any CPU.ActiveCfg = Release|Any CPU
		{F3A5AF66-50E9-4496-9471-94F2745D08AD}.Release|Any CPU.Build.0 = Release|Any CPU
		{62390CA4-977F-4510-8D4D-01FCA21F3C7C}.Debug|Any CPU.ActiveCfg = Debug|Any CPU
		{62390CA4-977F-4510-8D4D-01FCA21F3C7C}.Debug|Any CPU.Build.0 = Debug|Any CPU
		{62390CA4-977F-4510-8D4D-01FCA21F3C7C}.Release|Any CPU.ActiveCfg = Release|Any CPU
		{62390CA4-977F-4510-8D4D-01FCA21F3C7C}.Release|Any CPU.Build.0 = Release|Any CPU
		{A64BA8A8-4281-4C55-872A-26F94F5752B1}.Debug|Any CPU.ActiveCfg = Debug|Any CPU
		{A64BA8A8-4281-4C55-872A-26F94F5752B1}.Debug|Any CPU.Build.0 = Debug|Any CPU
		{A64BA8A8-4281-4C55-872A-26F94F5752B1}.Release|Any CPU.ActiveCfg = Release|Any CPU
		{A64BA8A8-4281-4C55-872A-26F94F5752B1}.Release|Any CPU.Build.0 = Release|Any CPU
		{962E8991-D72A-46C8-8525-7E8EAB4A2EF7}.Debug|Any CPU.ActiveCfg = Debug|Any CPU
		{962E8991-D72A-46C8-8525-7E8EAB4A2EF7}.Debug|Any CPU.Build.0 = Debug|Any CPU
		{962E8991-D72A-46C8-8525-7E8EAB4A2EF7}.Release|Any CPU.ActiveCfg = Release|Any CPU
		{962E8991-D72A-46C8-8525-7E8EAB4A2EF7}.Release|Any CPU.Build.0 = Release|Any CPU
		{FA791467-823B-4271-9183-DDADC5B04A87}.Debug|Any CPU.ActiveCfg = Debug|Any CPU
		{FA791467-823B-4271-9183-DDADC5B04A87}.Debug|Any CPU.Build.0 = Debug|Any CPU
		{FA791467-823B-4271-9183-DDADC5B04A87}.Release|Any CPU.ActiveCfg = Release|Any CPU
		{FA791467-823B-4271-9183-DDADC5B04A87}.Release|Any CPU.Build.0 = Release|Any CPU
		{1775F641-A6CD-4D46-9D7B-62A1E88532F3}.Debug|Any CPU.ActiveCfg = Debug|Any CPU
		{1775F641-A6CD-4D46-9D7B-62A1E88532F3}.Debug|Any CPU.Build.0 = Debug|Any CPU
		{1775F641-A6CD-4D46-9D7B-62A1E88532F3}.Release|Any CPU.ActiveCfg = Release|Any CPU
		{1775F641-A6CD-4D46-9D7B-62A1E88532F3}.Release|Any CPU.Build.0 = Release|Any CPU
		{6EA3A9B1-82B3-4EC6-9E60-BE7E8481BB64}.Debug|Any CPU.ActiveCfg = Debug|Any CPU
		{6EA3A9B1-82B3-4EC6-9E60-BE7E8481BB64}.Debug|Any CPU.Build.0 = Debug|Any CPU
		{6EA3A9B1-82B3-4EC6-9E60-BE7E8481BB64}.Release|Any CPU.ActiveCfg = Release|Any CPU
		{6EA3A9B1-82B3-4EC6-9E60-BE7E8481BB64}.Release|Any CPU.Build.0 = Release|Any CPU
		{2C760554-9A50-4315-B3BE-EB48476A4537}.Debug|Any CPU.ActiveCfg = Debug|Any CPU
		{2C760554-9A50-4315-B3BE-EB48476A4537}.Debug|Any CPU.Build.0 = Debug|Any CPU
		{2C760554-9A50-4315-B3BE-EB48476A4537}.Release|Any CPU.ActiveCfg = Release|Any CPU
		{2C760554-9A50-4315-B3BE-EB48476A4537}.Release|Any CPU.Build.0 = Release|Any CPU
		{F2A43CA9-13EB-4A5C-AD37-1C76711C293D}.Debug|Any CPU.ActiveCfg = Debug|Any CPU
		{F2A43CA9-13EB-4A5C-AD37-1C76711C293D}.Debug|Any CPU.Build.0 = Debug|Any CPU
		{F2A43CA9-13EB-4A5C-AD37-1C76711C293D}.Release|Any CPU.ActiveCfg = Release|Any CPU
		{F2A43CA9-13EB-4A5C-AD37-1C76711C293D}.Release|Any CPU.Build.0 = Release|Any CPU
		{B63DFE8B-5BDC-456A-9AAA-F0378F1E1A9C}.Debug|Any CPU.ActiveCfg = Debug|Any CPU
		{B63DFE8B-5BDC-456A-9AAA-F0378F1E1A9C}.Debug|Any CPU.Build.0 = Debug|Any CPU
		{B63DFE8B-5BDC-456A-9AAA-F0378F1E1A9C}.Release|Any CPU.ActiveCfg = Release|Any CPU
		{B63DFE8B-5BDC-456A-9AAA-F0378F1E1A9C}.Release|Any CPU.Build.0 = Release|Any CPU
	EndGlobalSection
	GlobalSection(SolutionProperties) = preSolution
		HideSolutionNode = FALSE
	EndGlobalSection
	GlobalSection(NestedProjects) = preSolution
		{B518FA35-93A8-4B4D-9C5E-6718D05D4465} = {E79464A5-5B54-47FF-A918-78E3FCDC6320}
		{CC40C296-DD54-4AED-8BF9-ED3F55CF1E9F} = {E79464A5-5B54-47FF-A918-78E3FCDC6320}
		{F71243F8-E39E-42D6-BD68-9668C2211CF6} = {E79464A5-5B54-47FF-A918-78E3FCDC6320}
		{8E35DF42-6922-4642-9BCA-50D5350BBE7E} = {E79464A5-5B54-47FF-A918-78E3FCDC6320}
		{FA20C41F-06ED-4BE9-B689-9B1DB40E72D3} = {E79464A5-5B54-47FF-A918-78E3FCDC6320}
		{5D304C01-2323-470B-9810-24B7EF7F6D60} = {E79464A5-5B54-47FF-A918-78E3FCDC6320}
		{DC17CB2B-3842-4731-99C4-90C09C992277} = {E79464A5-5B54-47FF-A918-78E3FCDC6320}
		{F3A5AF66-50E9-4496-9471-94F2745D08AD} = {E79464A5-5B54-47FF-A918-78E3FCDC6320}
		{62390CA4-977F-4510-8D4D-01FCA21F3C7C} = {E79464A5-5B54-47FF-A918-78E3FCDC6320}
		{A64BA8A8-4281-4C55-872A-26F94F5752B1} = {E79464A5-5B54-47FF-A918-78E3FCDC6320}
		{962E8991-D72A-46C8-8525-7E8EAB4A2EF7} = {3838314D-BD08-4827-BB73-C3556B83394C}
		{FA791467-823B-4271-9183-DDADC5B04A87} = {3838314D-BD08-4827-BB73-C3556B83394C}
		{1775F641-A6CD-4D46-9D7B-62A1E88532F3} = {3838314D-BD08-4827-BB73-C3556B83394C}
		{6EA3A9B1-82B3-4EC6-9E60-BE7E8481BB64} = {3838314D-BD08-4827-BB73-C3556B83394C}
		{2C760554-9A50-4315-B3BE-EB48476A4537} = {3838314D-BD08-4827-BB73-C3556B83394C}
		{F2A43CA9-13EB-4A5C-AD37-1C76711C293D} = {F73FCAFB-7279-40D0-86EF-574CB2EB2453}
		{B63DFE8B-5BDC-456A-9AAA-F0378F1E1A9C} = {AB5B9E1A-9962-4C3A-86F9-280C91945A5A}
	EndGlobalSection
	GlobalSection(ExtensibilityGlobals) = postSolution
		SolutionGuid = {C794564B-A921-4B6D-9095-AE30025DA1D0}
	EndGlobalSection
EndGlobal
